
Microsoft Visual Studio Solution File, Format Version 12.00
# Visual Studio Version 17
VisualStudioVersion = 17.3.32901.215
MinimumVisualStudioVersion = 10.0.40219.1
Project("{8BC9CEB8-8B4A-11D0-8D11-00A0C91BC942}") = "Day_1", "Day_1\Day_1.vcxproj", "{B2782ABF-ABDE-42C7-B132-5F9942FFD6F9}"
EndProject
Project("{8BC9CEB8-8B4A-11D0-8D11-00A0C91BC942}") = "Day_2", "Day_2\Day_2.vcxproj", "{2C8DC347-C962-4C34-AAC1-984A591AEE32}"
EndProject
Project("{8BC9CEB8-8B4A-11D0-8D11-00A0C91BC942}") = "Day_3", "Day_3\Day_3.vcxproj", "{2410D2C4-21B4-4554-BE31-13034284FFE0}"
EndProject
Project("{8BC9CEB8-8B4A-11D0-8D11-00A0C91BC942}") = "Day_6", "Day_6\Day_6.vcxproj", "{EA8C4562-D25C-4E5B-9AED-9A0B2076378B}"
EndProject
Project("{8BC9CEB8-8B4A-11D0-8D11-00A0C91BC942}") = "Day_8", "Day_8\Day_8.vcxproj", "{789327DB-E998-4963-87C3-4EA4442190CE}"
EndProject
Project("{8BC9CEB8-8B4A-11D0-8D11-00A0C91BC942}") = "Day_9", "Day_9\Day_9.vcxproj", "{6C08EDEC-8DF9-4E39-B138-C58E878F0874}"
EndProject
Project("{8BC9CEB8-8B4A-11D0-8D11-00A0C91BC942}") = "Day_10", "Day_10\Day_10.vcxproj", "{DF520347-CF75-48F4-93D5-9636AA07B796}"
EndProject
Project("{8BC9CEB8-8B4A-11D0-8D11-00A0C91BC942}") = "Day_13", "Day_13\Day_13.vcxproj", "{586FFF88-82C1-4014-9433-4C5794589BA5}"
EndProject
Project("{8BC9CEB8-8B4A-11D0-8D11-00A0C91BC942}") = "Day_14", "Day_14\Day_14.vcxproj", "{A333E127-6D00-4A15-AA93-54FC5ABBAE30}"
EndProject
Project("{8BC9CEB8-8B4A-11D0-8D11-00A0C91BC942}") = "Day_15", "Day_15\Day_15.vcxproj", "{530BE986-8D18-4709-B2BD-1BFD055F5199}"
EndProject
Project("{8BC9CEB8-8B4A-11D0-8D11-00A0C91BC942}") = "Day_16", "Day_16\Day_16.vcxproj", "{518D4393-370D-47DF-A22E-528AEF3619F8}"
EndProject
Project("{8BC9CEB8-8B4A-11D0-8D11-00A0C91BC942}") = "Day_17", "Day_17\Day_17.vcxproj", "{7A3FE58E-0E69-4606-8AA6-22C02057D43F}"
EndProject
Project("{8BC9CEB8-8B4A-11D0-8D11-00A0C91BC942}") = "Day_20", "Day_20\Day_20.vcxproj", "{929861F7-2E28-4B07-98A6-09D467B34C42}"
EndProject
Project("{8BC9CEB8-8B4A-11D0-8D11-00A0C91BC942}") = "Day_21", "Day_21\Day_21.vcxproj", "{CA06D5D1-32E4-4A21-83F3-5F92B6DF6D88}"
EndProject
Project("{8BC9CEB8-8B4A-11D0-8D11-00A0C91BC942}") = "Day_22", "Day_22\Day_22.vcxproj", "{3DE463B2-20E1-413A-9721-EF187E955F1C}"
EndProject
Project("{8BC9CEB8-8B4A-11D0-8D11-00A0C91BC942}") = "Day_23", "Day_23\Day_23.vcxproj", "{2860A8E6-A2F8-49C9-9DB5-620C0D545370}"
EndProject
Project("{8BC9CEB8-8B4A-11D0-8D11-00A0C91BC942}") = "Day_24", "Day_24\Day_24.vcxproj", "{481DACF0-D01D-4459-A3C8-EFDAACE64F74}"
EndProject
Project("{8BC9CEB8-8B4A-11D0-8D11-00A0C91BC942}") = "Day_27", "Day_27\Day_27.vcxproj", "{1B407BD7-2AC7-4127-9AD7-40D1AC9907D1}"
EndProject
Project("{8BC9CEB8-8B4A-11D0-8D11-00A0C91BC942}") = "Day_28", "Day_28\Day_28.vcxproj", "{7673F654-4640-43FD-853D-71F69BAB89DC}"
EndProject
Project("{8BC9CEB8-8B4A-11D0-8D11-00A0C91BC942}") = "Day_29", "Day_29\Day_29.vcxproj", "{ACFF6ECD-D057-4A98-8DA8-7AF211F950E6}"
EndProject
Project("{8BC9CEB8-8B4A-11D0-8D11-00A0C91BC942}") = "Day_30", "Day_30\Day_30.vcxproj", "{E802A933-2A5E-4F64-BB8F-E2905E9F4859}"
EndProject
Project("{8BC9CEB8-8B4A-11D0-8D11-00A0C91BC942}") = "Day_33", "Day_33\Day_33.vcxproj", "{DE1D96BB-8482-40BF-A09F-6C6772BA4657}"
EndProject
Project("{8BC9CEB8-8B4A-11D0-8D11-00A0C91BC942}") = "Day_34", "Day_34\Day_34.vcxproj", "{809467B9-9ECB-4EC0-9417-F762E25FAE46}"
EndProject
Project("{8BC9CEB8-8B4A-11D0-8D11-00A0C91BC942}") = "Day_38", "Day_38\Day_38.vcxproj", "{455E266E-5777-4106-BD91-D50E4567C67F}"
EndProject
Project("{8BC9CEB8-8B4A-11D0-8D11-00A0C91BC942}") = "Day_44", "Day_44\Day_44.vcxproj", "{0623D623-7D7A-4D15-A82D-5D5A950AC76F}"
EndProject
Project("{8BC9CEB8-8B4A-11D0-8D11-00A0C91BC942}") = "Day_46", "Day_46\Day_46.vcxproj", "{CEBB99E3-F554-4256-BF6B-73ED765D906D}"
EndProject
Project("{8BC9CEB8-8B4A-11D0-8D11-00A0C91BC942}") = "Day_47", "Day_47\Day_47.vcxproj", "{08524B2A-AB3E-4324-9157-9449A6C9E539}"
EndProject
Project("{8BC9CEB8-8B4A-11D0-8D11-00A0C91BC942}") = "Day_50", "Day_50\Day_50.vcxproj", "{E6BE5506-0556-42CE-BE72-8A693BEE118B}"
EndProject
Project("{8BC9CEB8-8B4A-11D0-8D11-00A0C91BC942}") = "Day_53", "Day_53\Day_53.vcxproj", "{3E203D92-7D7D-4194-A1E1-D275CB4E0C8E}"
EndProject
Project("{8BC9CEB8-8B4A-11D0-8D11-00A0C91BC942}") = "Day_59", "Day_59\Day_59.vcxproj", "{CB1EF57A-4112-4724-8945-6D5A19BFB48E}"
EndProject
Global
	GlobalSection(SolutionConfigurationPlatforms) = preSolution
		Debug|x64 = Debug|x64
		Debug|x86 = Debug|x86
		Release|x64 = Release|x64
		Release|x86 = Release|x86
	EndGlobalSection
	GlobalSection(ProjectConfigurationPlatforms) = postSolution
		{B2782ABF-ABDE-42C7-B132-5F9942FFD6F9}.Debug|x64.ActiveCfg = Debug|x64
		{B2782ABF-ABDE-42C7-B132-5F9942FFD6F9}.Debug|x64.Build.0 = Debug|x64
		{B2782ABF-ABDE-42C7-B132-5F9942FFD6F9}.Debug|x86.ActiveCfg = Debug|Win32
		{B2782ABF-ABDE-42C7-B132-5F9942FFD6F9}.Debug|x86.Build.0 = Debug|Win32
		{B2782ABF-ABDE-42C7-B132-5F9942FFD6F9}.Release|x64.ActiveCfg = Release|x64
		{B2782ABF-ABDE-42C7-B132-5F9942FFD6F9}.Release|x64.Build.0 = Release|x64
		{B2782ABF-ABDE-42C7-B132-5F9942FFD6F9}.Release|x86.ActiveCfg = Release|Win32
		{B2782ABF-ABDE-42C7-B132-5F9942FFD6F9}.Release|x86.Build.0 = Release|Win32
		{2C8DC347-C962-4C34-AAC1-984A591AEE32}.Debug|x64.ActiveCfg = Debug|x64
		{2C8DC347-C962-4C34-AAC1-984A591AEE32}.Debug|x64.Build.0 = Debug|x64
		{2C8DC347-C962-4C34-AAC1-984A591AEE32}.Debug|x86.ActiveCfg = Debug|Win32
		{2C8DC347-C962-4C34-AAC1-984A591AEE32}.Debug|x86.Build.0 = Debug|Win32
		{2C8DC347-C962-4C34-AAC1-984A591AEE32}.Release|x64.ActiveCfg = Release|x64
		{2C8DC347-C962-4C34-AAC1-984A591AEE32}.Release|x64.Build.0 = Release|x64
		{2C8DC347-C962-4C34-AAC1-984A591AEE32}.Release|x86.ActiveCfg = Release|Win32
		{2C8DC347-C962-4C34-AAC1-984A591AEE32}.Release|x86.Build.0 = Release|Win32
		{2410D2C4-21B4-4554-BE31-13034284FFE0}.Debug|x64.ActiveCfg = Debug|x64
		{2410D2C4-21B4-4554-BE31-13034284FFE0}.Debug|x64.Build.0 = Debug|x64
		{2410D2C4-21B4-4554-BE31-13034284FFE0}.Debug|x86.ActiveCfg = Debug|Win32
		{2410D2C4-21B4-4554-BE31-13034284FFE0}.Debug|x86.Build.0 = Debug|Win32
		{2410D2C4-21B4-4554-BE31-13034284FFE0}.Release|x64.ActiveCfg = Release|x64
		{2410D2C4-21B4-4554-BE31-13034284FFE0}.Release|x64.Build.0 = Release|x64
		{2410D2C4-21B4-4554-BE31-13034284FFE0}.Release|x86.ActiveCfg = Release|Win32
		{2410D2C4-21B4-4554-BE31-13034284FFE0}.Release|x86.Build.0 = Release|Win32
		{EA8C4562-D25C-4E5B-9AED-9A0B2076378B}.Debug|x64.ActiveCfg = Debug|x64
		{EA8C4562-D25C-4E5B-9AED-9A0B2076378B}.Debug|x64.Build.0 = Debug|x64
		{EA8C4562-D25C-4E5B-9AED-9A0B2076378B}.Debug|x86.ActiveCfg = Debug|Win32
		{EA8C4562-D25C-4E5B-9AED-9A0B2076378B}.Debug|x86.Build.0 = Debug|Win32
		{EA8C4562-D25C-4E5B-9AED-9A0B2076378B}.Release|x64.ActiveCfg = Release|x64
		{EA8C4562-D25C-4E5B-9AED-9A0B2076378B}.Release|x64.Build.0 = Release|x64
		{EA8C4562-D25C-4E5B-9AED-9A0B2076378B}.Release|x86.ActiveCfg = Release|Win32
		{EA8C4562-D25C-4E5B-9AED-9A0B2076378B}.Release|x86.Build.0 = Release|Win32
		{789327DB-E998-4963-87C3-4EA4442190CE}.Debug|x64.ActiveCfg = Debug|x64
		{789327DB-E998-4963-87C3-4EA4442190CE}.Debug|x64.Build.0 = Debug|x64
		{789327DB-E998-4963-87C3-4EA4442190CE}.Debug|x86.ActiveCfg = Debug|Win32
		{789327DB-E998-4963-87C3-4EA4442190CE}.Debug|x86.Build.0 = Debug|Win32
		{789327DB-E998-4963-87C3-4EA4442190CE}.Release|x64.ActiveCfg = Release|x64
		{789327DB-E998-4963-87C3-4EA4442190CE}.Release|x64.Build.0 = Release|x64
		{789327DB-E998-4963-87C3-4EA4442190CE}.Release|x86.ActiveCfg = Release|Win32
		{789327DB-E998-4963-87C3-4EA4442190CE}.Release|x86.Build.0 = Release|Win32
		{6C08EDEC-8DF9-4E39-B138-C58E878F0874}.Debug|x64.ActiveCfg = Debug|x64
		{6C08EDEC-8DF9-4E39-B138-C58E878F0874}.Debug|x64.Build.0 = Debug|x64
		{6C08EDEC-8DF9-4E39-B138-C58E878F0874}.Debug|x86.ActiveCfg = Debug|Win32
		{6C08EDEC-8DF9-4E39-B138-C58E878F0874}.Debug|x86.Build.0 = Debug|Win32
		{6C08EDEC-8DF9-4E39-B138-C58E878F0874}.Release|x64.ActiveCfg = Release|x64
		{6C08EDEC-8DF9-4E39-B138-C58E878F0874}.Release|x64.Build.0 = Release|x64
		{6C08EDEC-8DF9-4E39-B138-C58E878F0874}.Release|x86.ActiveCfg = Release|Win32
		{6C08EDEC-8DF9-4E39-B138-C58E878F0874}.Release|x86.Build.0 = Release|Win32
		{DF520347-CF75-48F4-93D5-9636AA07B796}.Debug|x64.ActiveCfg = Debug|x64
		{DF520347-CF75-48F4-93D5-9636AA07B796}.Debug|x64.Build.0 = Debug|x64
		{DF520347-CF75-48F4-93D5-9636AA07B796}.Debug|x86.ActiveCfg = Debug|Win32
		{DF520347-CF75-48F4-93D5-9636AA07B796}.Debug|x86.Build.0 = Debug|Win32
		{DF520347-CF75-48F4-93D5-9636AA07B796}.Release|x64.ActiveCfg = Release|x64
		{DF520347-CF75-48F4-93D5-9636AA07B796}.Release|x64.Build.0 = Release|x64
		{DF520347-CF75-48F4-93D5-9636AA07B796}.Release|x86.ActiveCfg = Release|Win32
		{DF520347-CF75-48F4-93D5-9636AA07B796}.Release|x86.Build.0 = Release|Win32
		{586FFF88-82C1-4014-9433-4C5794589BA5}.Debug|x64.ActiveCfg = Debug|x64
		{586FFF88-82C1-4014-9433-4C5794589BA5}.Debug|x64.Build.0 = Debug|x64
		{586FFF88-82C1-4014-9433-4C5794589BA5}.Debug|x86.ActiveCfg = Debug|Win32
		{586FFF88-82C1-4014-9433-4C5794589BA5}.Debug|x86.Build.0 = Debug|Win32
		{586FFF88-82C1-4014-9433-4C5794589BA5}.Release|x64.ActiveCfg = Release|x64
		{586FFF88-82C1-4014-9433-4C5794589BA5}.Release|x64.Build.0 = Release|x64
		{586FFF88-82C1-4014-9433-4C5794589BA5}.Release|x86.ActiveCfg = Release|Win32
		{586FFF88-82C1-4014-9433-4C5794589BA5}.Release|x86.Build.0 = Release|Win32
		{A333E127-6D00-4A15-AA93-54FC5ABBAE30}.Debug|x64.ActiveCfg = Debug|x64
		{A333E127-6D00-4A15-AA93-54FC5ABBAE30}.Debug|x64.Build.0 = Debug|x64
		{A333E127-6D00-4A15-AA93-54FC5ABBAE30}.Debug|x86.ActiveCfg = Debug|Win32
		{A333E127-6D00-4A15-AA93-54FC5ABBAE30}.Debug|x86.Build.0 = Debug|Win32
		{A333E127-6D00-4A15-AA93-54FC5ABBAE30}.Release|x64.ActiveCfg = Release|x64
		{A333E127-6D00-4A15-AA93-54FC5ABBAE30}.Release|x64.Build.0 = Release|x64
		{A333E127-6D00-4A15-AA93-54FC5ABBAE30}.Release|x86.ActiveCfg = Release|Win32
		{A333E127-6D00-4A15-AA93-54FC5ABBAE30}.Release|x86.Build.0 = Release|Win32
		{530BE986-8D18-4709-B2BD-1BFD055F5199}.Debug|x64.ActiveCfg = Debug|x64
		{530BE986-8D18-4709-B2BD-1BFD055F5199}.Debug|x64.Build.0 = Debug|x64
		{530BE986-8D18-4709-B2BD-1BFD055F5199}.Debug|x86.ActiveCfg = Debug|Win32
		{530BE986-8D18-4709-B2BD-1BFD055F5199}.Debug|x86.Build.0 = Debug|Win32
		{530BE986-8D18-4709-B2BD-1BFD055F5199}.Release|x64.ActiveCfg = Release|x64
		{530BE986-8D18-4709-B2BD-1BFD055F5199}.Release|x64.Build.0 = Release|x64
		{530BE986-8D18-4709-B2BD-1BFD055F5199}.Release|x86.ActiveCfg = Release|Win32
		{530BE986-8D18-4709-B2BD-1BFD055F5199}.Release|x86.Build.0 = Release|Win32
		{518D4393-370D-47DF-A22E-528AEF3619F8}.Debug|x64.ActiveCfg = Debug|x64
		{518D4393-370D-47DF-A22E-528AEF3619F8}.Debug|x64.Build.0 = Debug|x64
		{518D4393-370D-47DF-A22E-528AEF3619F8}.Debug|x86.ActiveCfg = Debug|Win32
		{518D4393-370D-47DF-A22E-528AEF3619F8}.Debug|x86.Build.0 = Debug|Win32
		{518D4393-370D-47DF-A22E-528AEF3619F8}.Release|x64.ActiveCfg = Release|x64
		{518D4393-370D-47DF-A22E-528AEF3619F8}.Release|x64.Build.0 = Release|x64
		{518D4393-370D-47DF-A22E-528AEF3619F8}.Release|x86.ActiveCfg = Release|Win32
		{518D4393-370D-47DF-A22E-528AEF3619F8}.Release|x86.Build.0 = Release|Win32
		{7A3FE58E-0E69-4606-8AA6-22C02057D43F}.Debug|x64.ActiveCfg = Debug|x64
		{7A3FE58E-0E69-4606-8AA6-22C02057D43F}.Debug|x64.Build.0 = Debug|x64
		{7A3FE58E-0E69-4606-8AA6-22C02057D43F}.Debug|x86.ActiveCfg = Debug|Win32
		{7A3FE58E-0E69-4606-8AA6-22C02057D43F}.Debug|x86.Build.0 = Debug|Win32
		{7A3FE58E-0E69-4606-8AA6-22C02057D43F}.Release|x64.ActiveCfg = Release|x64
		{7A3FE58E-0E69-4606-8AA6-22C02057D43F}.Release|x64.Build.0 = Release|x64
		{7A3FE58E-0E69-4606-8AA6-22C02057D43F}.Release|x86.ActiveCfg = Release|Win32
		{7A3FE58E-0E69-4606-8AA6-22C02057D43F}.Release|x86.Build.0 = Release|Win32
		{929861F7-2E28-4B07-98A6-09D467B34C42}.Debug|x64.ActiveCfg = Debug|x64
		{929861F7-2E28-4B07-98A6-09D467B34C42}.Debug|x64.Build.0 = Debug|x64
		{929861F7-2E28-4B07-98A6-09D467B34C42}.Debug|x86.ActiveCfg = Debug|Win32
		{929861F7-2E28-4B07-98A6-09D467B34C42}.Debug|x86.Build.0 = Debug|Win32
		{929861F7-2E28-4B07-98A6-09D467B34C42}.Release|x64.ActiveCfg = Release|x64
		{929861F7-2E28-4B07-98A6-09D467B34C42}.Release|x64.Build.0 = Release|x64
		{929861F7-2E28-4B07-98A6-09D467B34C42}.Release|x86.ActiveCfg = Release|Win32
		{929861F7-2E28-4B07-98A6-09D467B34C42}.Release|x86.Build.0 = Release|Win32
		{CA06D5D1-32E4-4A21-83F3-5F92B6DF6D88}.Debug|x64.ActiveCfg = Debug|x64
		{CA06D5D1-32E4-4A21-83F3-5F92B6DF6D88}.Debug|x64.Build.0 = Debug|x64
		{CA06D5D1-32E4-4A21-83F3-5F92B6DF6D88}.Debug|x86.ActiveCfg = Debug|Win32
		{CA06D5D1-32E4-4A21-83F3-5F92B6DF6D88}.Debug|x86.Build.0 = Debug|Win32
		{CA06D5D1-32E4-4A21-83F3-5F92B6DF6D88}.Release|x64.ActiveCfg = Release|x64
		{CA06D5D1-32E4-4A21-83F3-5F92B6DF6D88}.Release|x64.Build.0 = Release|x64
		{CA06D5D1-32E4-4A21-83F3-5F92B6DF6D88}.Release|x86.ActiveCfg = Release|Win32
		{CA06D5D1-32E4-4A21-83F3-5F92B6DF6D88}.Release|x86.Build.0 = Release|Win32
		{3DE463B2-20E1-413A-9721-EF187E955F1C}.Debug|x64.ActiveCfg = Debug|x64
		{3DE463B2-20E1-413A-9721-EF187E955F1C}.Debug|x64.Build.0 = Debug|x64
		{3DE463B2-20E1-413A-9721-EF187E955F1C}.Debug|x86.ActiveCfg = Debug|Win32
		{3DE463B2-20E1-413A-9721-EF187E955F1C}.Debug|x86.Build.0 = Debug|Win32
		{3DE463B2-20E1-413A-9721-EF187E955F1C}.Release|x64.ActiveCfg = Release|x64
		{3DE463B2-20E1-413A-9721-EF187E955F1C}.Release|x64.Build.0 = Release|x64
		{3DE463B2-20E1-413A-9721-EF187E955F1C}.Release|x86.ActiveCfg = Release|Win32
		{3DE463B2-20E1-413A-9721-EF187E955F1C}.Release|x86.Build.0 = Release|Win32
		{2860A8E6-A2F8-49C9-9DB5-620C0D545370}.Debug|x64.ActiveCfg = Debug|x64
		{2860A8E6-A2F8-49C9-9DB5-620C0D545370}.Debug|x64.Build.0 = Debug|x64
		{2860A8E6-A2F8-49C9-9DB5-620C0D545370}.Debug|x86.ActiveCfg = Debug|Win32
		{2860A8E6-A2F8-49C9-9DB5-620C0D545370}.Debug|x86.Build.0 = Debug|Win32
		{2860A8E6-A2F8-49C9-9DB5-620C0D545370}.Release|x64.ActiveCfg = Release|x64
		{2860A8E6-A2F8-49C9-9DB5-620C0D545370}.Release|x64.Build.0 = Release|x64
		{2860A8E6-A2F8-49C9-9DB5-620C0D545370}.Release|x86.ActiveCfg = Release|Win32
		{2860A8E6-A2F8-49C9-9DB5-620C0D545370}.Release|x86.Build.0 = Release|Win32
		{481DACF0-D01D-4459-A3C8-EFDAACE64F74}.Debug|x64.ActiveCfg = Debug|x64
		{481DACF0-D01D-4459-A3C8-EFDAACE64F74}.Debug|x64.Build.0 = Debug|x64
		{481DACF0-D01D-4459-A3C8-EFDAACE64F74}.Debug|x86.ActiveCfg = Debug|Win32
		{481DACF0-D01D-4459-A3C8-EFDAACE64F74}.Debug|x86.Build.0 = Debug|Win32
		{481DACF0-D01D-4459-A3C8-EFDAACE64F74}.Release|x64.ActiveCfg = Release|x64
		{481DACF0-D01D-4459-A3C8-EFDAACE64F74}.Release|x64.Build.0 = Release|x64
		{481DACF0-D01D-4459-A3C8-EFDAACE64F74}.Release|x86.ActiveCfg = Release|Win32
		{481DACF0-D01D-4459-A3C8-EFDAACE64F74}.Release|x86.Build.0 = Release|Win32
		{1B407BD7-2AC7-4127-9AD7-40D1AC9907D1}.Debug|x64.ActiveCfg = Debug|x64
		{1B407BD7-2AC7-4127-9AD7-40D1AC9907D1}.Debug|x64.Build.0 = Debug|x64
		{1B407BD7-2AC7-4127-9AD7-40D1AC9907D1}.Debug|x86.ActiveCfg = Debug|Win32
		{1B407BD7-2AC7-4127-9AD7-40D1AC9907D1}.Debug|x86.Build.0 = Debug|Win32
		{1B407BD7-2AC7-4127-9AD7-40D1AC9907D1}.Release|x64.ActiveCfg = Release|x64
		{1B407BD7-2AC7-4127-9AD7-40D1AC9907D1}.Release|x64.Build.0 = Release|x64
		{1B407BD7-2AC7-4127-9AD7-40D1AC9907D1}.Release|x86.ActiveCfg = Release|Win32
		{1B407BD7-2AC7-4127-9AD7-40D1AC9907D1}.Release|x86.Build.0 = Release|Win32
		{7673F654-4640-43FD-853D-71F69BAB89DC}.Debug|x64.ActiveCfg = Debug|x64
		{7673F654-4640-43FD-853D-71F69BAB89DC}.Debug|x64.Build.0 = Debug|x64
		{7673F654-4640-43FD-853D-71F69BAB89DC}.Debug|x86.ActiveCfg = Debug|Win32
		{7673F654-4640-43FD-853D-71F69BAB89DC}.Debug|x86.Build.0 = Debug|Win32
		{7673F654-4640-43FD-853D-71F69BAB89DC}.Release|x64.ActiveCfg = Release|x64
		{7673F654-4640-43FD-853D-71F69BAB89DC}.Release|x64.Build.0 = Release|x64
		{7673F654-4640-43FD-853D-71F69BAB89DC}.Release|x86.ActiveCfg = Release|Win32
		{7673F654-4640-43FD-853D-71F69BAB89DC}.Release|x86.Build.0 = Release|Win32
		{ACFF6ECD-D057-4A98-8DA8-7AF211F950E6}.Debug|x64.ActiveCfg = Debug|x64
		{ACFF6ECD-D057-4A98-8DA8-7AF211F950E6}.Debug|x64.Build.0 = Debug|x64
		{ACFF6ECD-D057-4A98-8DA8-7AF211F950E6}.Debug|x86.ActiveCfg = Debug|Win32
		{ACFF6ECD-D057-4A98-8DA8-7AF211F950E6}.Debug|x86.Build.0 = Debug|Win32
		{ACFF6ECD-D057-4A98-8DA8-7AF211F950E6}.Release|x64.ActiveCfg = Release|x64
		{ACFF6ECD-D057-4A98-8DA8-7AF211F950E6}.Release|x64.Build.0 = Release|x64
		{ACFF6ECD-D057-4A98-8DA8-7AF211F950E6}.Release|x86.ActiveCfg = Release|Win32
		{ACFF6ECD-D057-4A98-8DA8-7AF211F950E6}.Release|x86.Build.0 = Release|Win32
		{E802A933-2A5E-4F64-BB8F-E2905E9F4859}.Debug|x64.ActiveCfg = Debug|x64
		{E802A933-2A5E-4F64-BB8F-E2905E9F4859}.Debug|x64.Build.0 = Debug|x64
		{E802A933-2A5E-4F64-BB8F-E2905E9F4859}.Debug|x86.ActiveCfg = Debug|Win32
		{E802A933-2A5E-4F64-BB8F-E2905E9F4859}.Debug|x86.Build.0 = Debug|Win32
		{E802A933-2A5E-4F64-BB8F-E2905E9F4859}.Release|x64.ActiveCfg = Release|x64
		{E802A933-2A5E-4F64-BB8F-E2905E9F4859}.Release|x64.Build.0 = Release|x64
		{E802A933-2A5E-4F64-BB8F-E2905E9F4859}.Release|x86.ActiveCfg = Release|Win32
		{E802A933-2A5E-4F64-BB8F-E2905E9F4859}.Release|x86.Build.0 = Release|Win32
		{DE1D96BB-8482-40BF-A09F-6C6772BA4657}.Debug|x64.ActiveCfg = Debug|x64
		{DE1D96BB-8482-40BF-A09F-6C6772BA4657}.Debug|x64.Build.0 = Debug|x64
		{DE1D96BB-8482-40BF-A09F-6C6772BA4657}.Debug|x86.ActiveCfg = Debug|Win32
		{DE1D96BB-8482-40BF-A09F-6C6772BA4657}.Debug|x86.Build.0 = Debug|Win32
		{DE1D96BB-8482-40BF-A09F-6C6772BA4657}.Release|x64.ActiveCfg = Release|x64
		{DE1D96BB-8482-40BF-A09F-6C6772BA4657}.Release|x64.Build.0 = Release|x64
		{DE1D96BB-8482-40BF-A09F-6C6772BA4657}.Release|x86.ActiveCfg = Release|Win32
		{DE1D96BB-8482-40BF-A09F-6C6772BA4657}.Release|x86.Build.0 = Release|Win32
		{809467B9-9ECB-4EC0-9417-F762E25FAE46}.Debug|x64.ActiveCfg = Debug|x64
		{809467B9-9ECB-4EC0-9417-F762E25FAE46}.Debug|x64.Build.0 = Debug|x64
		{809467B9-9ECB-4EC0-9417-F762E25FAE46}.Debug|x86.ActiveCfg = Debug|Win32
		{809467B9-9ECB-4EC0-9417-F762E25FAE46}.Debug|x86.Build.0 = Debug|Win32
		{809467B9-9ECB-4EC0-9417-F762E25FAE46}.Release|x64.ActiveCfg = Release|x64
		{809467B9-9ECB-4EC0-9417-F762E25FAE46}.Release|x64.Build.0 = Release|x64
		{809467B9-9ECB-4EC0-9417-F762E25FAE46}.Release|x86.ActiveCfg = Release|Win32
		{809467B9-9ECB-4EC0-9417-F762E25FAE46}.Release|x86.Build.0 = Release|Win32
		{455E266E-5777-4106-BD91-D50E4567C67F}.Debug|x64.ActiveCfg = Debug|x64
		{455E266E-5777-4106-BD91-D50E4567C67F}.Debug|x64.Build.0 = Debug|x64
		{455E266E-5777-4106-BD91-D50E4567C67F}.Debug|x86.ActiveCfg = Debug|Win32
		{455E266E-5777-4106-BD91-D50E4567C67F}.Debug|x86.Build.0 = Debug|Win32
		{455E266E-5777-4106-BD91-D50E4567C67F}.Release|x64.ActiveCfg = Release|x64
		{455E266E-5777-4106-BD91-D50E4567C67F}.Release|x64.Build.0 = Release|x64
		{455E266E-5777-4106-BD91-D50E4567C67F}.Release|x86.ActiveCfg = Release|Win32
		{455E266E-5777-4106-BD91-D50E4567C67F}.Release|x86.Build.0 = Release|Win32
		{0623D623-7D7A-4D15-A82D-5D5A950AC76F}.Debug|x64.ActiveCfg = Debug|x64
		{0623D623-7D7A-4D15-A82D-5D5A950AC76F}.Debug|x64.Build.0 = Debug|x64
		{0623D623-7D7A-4D15-A82D-5D5A950AC76F}.Debug|x86.ActiveCfg = Debug|Win32
		{0623D623-7D7A-4D15-A82D-5D5A950AC76F}.Debug|x86.Build.0 = Debug|Win32
		{0623D623-7D7A-4D15-A82D-5D5A950AC76F}.Release|x64.ActiveCfg = Release|x64
		{0623D623-7D7A-4D15-A82D-5D5A950AC76F}.Release|x64.Build.0 = Release|x64
		{0623D623-7D7A-4D15-A82D-5D5A950AC76F}.Release|x86.ActiveCfg = Release|Win32
		{0623D623-7D7A-4D15-A82D-5D5A950AC76F}.Release|x86.Build.0 = Release|Win32
		{CEBB99E3-F554-4256-BF6B-73ED765D906D}.Debug|x64.ActiveCfg = Debug|x64
		{CEBB99E3-F554-4256-BF6B-73ED765D906D}.Debug|x64.Build.0 = Debug|x64
		{CEBB99E3-F554-4256-BF6B-73ED765D906D}.Debug|x86.ActiveCfg = Debug|Win32
		{CEBB99E3-F554-4256-BF6B-73ED765D906D}.Debug|x86.Build.0 = Debug|Win32
		{CEBB99E3-F554-4256-BF6B-73ED765D906D}.Release|x64.ActiveCfg = Release|x64
		{CEBB99E3-F554-4256-BF6B-73ED765D906D}.Release|x64.Build.0 = Release|x64
		{CEBB99E3-F554-4256-BF6B-73ED765D906D}.Release|x86.ActiveCfg = Release|Win32
		{CEBB99E3-F554-4256-BF6B-73ED765D906D}.Release|x86.Build.0 = Release|Win32
		{08524B2A-AB3E-4324-9157-9449A6C9E539}.Debug|x64.ActiveCfg = Debug|x64
		{08524B2A-AB3E-4324-9157-9449A6C9E539}.Debug|x64.Build.0 = Debug|x64
		{08524B2A-AB3E-4324-9157-9449A6C9E539}.Debug|x86.ActiveCfg = Debug|Win32
		{08524B2A-AB3E-4324-9157-9449A6C9E539}.Debug|x86.Build.0 = Debug|Win32
		{08524B2A-AB3E-4324-9157-9449A6C9E539}.Release|x64.ActiveCfg = Release|x64
		{08524B2A-AB3E-4324-9157-9449A6C9E539}.Release|x64.Build.0 = Release|x64
		{08524B2A-AB3E-4324-9157-9449A6C9E539}.Release|x86.ActiveCfg = Release|Win32
		{08524B2A-AB3E-4324-9157-9449A6C9E539}.Release|x86.Build.0 = Release|Win32
		{E6BE5506-0556-42CE-BE72-8A693BEE118B}.Debug|x64.ActiveCfg = Debug|x64
		{E6BE5506-0556-42CE-BE72-8A693BEE118B}.Debug|x64.Build.0 = Debug|x64
		{E6BE5506-0556-42CE-BE72-8A693BEE118B}.Debug|x86.ActiveCfg = Debug|Win32
		{E6BE5506-0556-42CE-BE72-8A693BEE118B}.Debug|x86.Build.0 = Debug|Win32
		{E6BE5506-0556-42CE-BE72-8A693BEE118B}.Release|x64.ActiveCfg = Release|x64
		{E6BE5506-0556-42CE-BE72-8A693BEE118B}.Release|x64.Build.0 = Release|x64
		{E6BE5506-0556-42CE-BE72-8A693BEE118B}.Release|x86.ActiveCfg = Release|Win32
		{E6BE5506-0556-42CE-BE72-8A693BEE118B}.Release|x86.Build.0 = Release|Win32
		{3E203D92-7D7D-4194-A1E1-D275CB4E0C8E}.Debug|x64.ActiveCfg = Debug|x64
		{3E203D92-7D7D-4194-A1E1-D275CB4E0C8E}.Debug|x64.Build.0 = Debug|x64
		{3E203D92-7D7D-4194-A1E1-D275CB4E0C8E}.Debug|x86.ActiveCfg = Debug|Win32
		{3E203D92-7D7D-4194-A1E1-D275CB4E0C8E}.Debug|x86.Build.0 = Debug|Win32
		{3E203D92-7D7D-4194-A1E1-D275CB4E0C8E}.Release|x64.ActiveCfg = Release|x64
		{3E203D92-7D7D-4194-A1E1-D275CB4E0C8E}.Release|x64.Build.0 = Release|x64
		{3E203D92-7D7D-4194-A1E1-D275CB4E0C8E}.Release|x86.ActiveCfg = Release|Win32
		{3E203D92-7D7D-4194-A1E1-D275CB4E0C8E}.Release|x86.Build.0 = Release|Win32
		{CB1EF57A-4112-4724-8945-6D5A19BFB48E}.Debug|x64.ActiveCfg = Debug|x64
		{CB1EF57A-4112-4724-8945-6D5A19BFB48E}.Debug|x64.Build.0 = Debug|x64
		{CB1EF57A-4112-4724-8945-6D5A19BFB48E}.Debug|x86.ActiveCfg = Debug|Win32
		{CB1EF57A-4112-4724-8945-6D5A19BFB48E}.Debug|x86.Build.0 = Debug|Win32
		{CB1EF57A-4112-4724-8945-6D5A19BFB48E}.Release|x64.ActiveCfg = Release|x64
		{CB1EF57A-4112-4724-8945-6D5A19BFB48E}.Release|x64.Build.0 = Release|x64
		{CB1EF57A-4112-4724-8945-6D5A19BFB48E}.Release|x86.ActiveCfg = Release|Win32
		{CB1EF57A-4112-4724-8945-6D5A19BFB48E}.Release|x86.Build.0 = Release|Win32
	EndGlobalSection
	GlobalSection(SolutionProperties) = preSolution
		HideSolutionNode = FALSE
	EndGlobalSection
	GlobalSection(ExtensibilityGlobals) = postSolution
		SolutionGuid = {5B8AF519-3A1A-477D-BD85-F53A6E55E615}
	EndGlobalSection
EndGlobal
